
Microsoft Visual Studio Solution File, Format Version 12.00
# Visual Studio Version 17
VisualStudioVersion = 17.4.33110.190
MinimumVisualStudioVersion = 10.0.40219.1
Project("{FAE04EC0-301F-11D3-BF4B-00C04F79EFBC}") = "IssueTracker", "IssueTracker.csproj", "{F2A24444-D568-4068-93BB-489574A52A41}"
EndProject
Global
	GlobalSection(SolutionConfigurationPlatforms) = preSolution
		Debug|Any CPU = Debug|Any CPU
		Release|Any CPU = Release|Any CPU
	EndGlobalSection
	GlobalSection(ProjectConfigurationPlatforms) = postSolution
		{F2A24444-D568-4068-93BB-489574A52A41}.Debug|Any CPU.ActiveCfg = Debug|Any CPU
		{F2A24444-D568-4068-93BB-489574A52A41}.Debug|Any CPU.Build.0 = Debug|Any CPU
		{F2A24444-D568-4068-93BB-489574A52A41}.Release|Any CPU.ActiveCfg = Release|Any CPU
		{F2A24444-D568-4068-93BB-489574A52A41}.Release|Any CPU.Build.0 = Release|Any CPU
	EndGlobalSection
	GlobalSection(SolutionProperties) = preSolution
		HideSolutionNode = FALSE
	EndGlobalSection
	GlobalSection(ExtensibilityGlobals) = postSolution
		SolutionGuid = {4F7BDB96-C63C-4474-BE7B-B613F3958197}
	EndGlobalSection
EndGlobal
